
Microsoft Visual Studio Solution File, Format Version 12.00
# Visual Studio Version 16
VisualStudioVersion = 16.0.30503.244
MinimumVisualStudioVersion = 10.0.40219.1
Project("{9A19103F-16F7-4668-BE54-9A1E7A4F7556}") = "test", "test.csproj", "{C218D705-7485-43D6-A17D-A17792021A03}"
EndProject
Global
	GlobalSection(SolutionConfigurationPlatforms) = preSolution
		Debug|Any CPU = Debug|Any CPU
		Release|Any CPU = Release|Any CPU
	EndGlobalSection
	GlobalSection(ProjectConfigurationPlatforms) = postSolution
		{C218D705-7485-43D6-A17D-A17792021A03}.Debug|Any CPU.ActiveCfg = Debug|Any CPU
		{C218D705-7485-43D6-A17D-A17792021A03}.Debug|Any CPU.Build.0 = Debug|Any CPU
		{C218D705-7485-43D6-A17D-A17792021A03}.Release|Any CPU.ActiveCfg = Release|Any CPU
		{C218D705-7485-43D6-A17D-A17792021A03}.Release|Any CPU.Build.0 = Release|Any CPU
	EndGlobalSection
	GlobalSection(SolutionProperties) = preSolution
		HideSolutionNode = FALSE
	EndGlobalSection
	GlobalSection(ExtensibilityGlobals) = postSolution
		SolutionGuid = {2CB8E29F-8CF8-437F-A929-CCAD4C37EE85}
	EndGlobalSection
EndGlobal
